
Microsoft Visual Studio Solution File, Format Version 12.00
# Visual Studio Version 16
VisualStudioVersion = 16.0.32126.315
MinimumVisualStudioVersion = 10.0.40219.1
Project("{FAE04EC0-301F-11D3-BF4B-00C04F79EFBC}") = "screen_recorder181199", "screen_recorder181199\screen_recorder181199.csproj", "{91439879-6BFD-48AF-BE69-D8BC22D8C322}"
EndProject
Global
	GlobalSection(SolutionConfigurationPlatforms) = preSolution
		Debug|Any CPU = Debug|Any CPU
		Release|Any CPU = Release|Any CPU
	EndGlobalSection
	GlobalSection(ProjectConfigurationPlatforms) = postSolution
		{91439879-6BFD-48AF-BE69-D8BC22D8C322}.Debug|Any CPU.ActiveCfg = Debug|Any CPU
		{91439879-6BFD-48AF-BE69-D8BC22D8C322}.Debug|Any CPU.Build.0 = Debug|Any CPU
		{91439879-6BFD-48AF-BE69-D8BC22D8C322}.Release|Any CPU.ActiveCfg = Release|Any CPU
		{91439879-6BFD-48AF-BE69-D8BC22D8C322}.Release|Any CPU.Build.0 = Release|Any CPU
	EndGlobalSection
	GlobalSection(SolutionProperties) = preSolution
		HideSolutionNode = FALSE
	EndGlobalSection
	GlobalSection(ExtensibilityGlobals) = postSolution
		SolutionGuid = {D3A87F1B-CB33-4056-AC5A-7650A7774B28}
	EndGlobalSection
EndGlobal
